// !$*UTF8*$!
{
	archiveVersion = 1;
	classes = {
	};
	objectVersion = 46;
	objects = {

/* Begin PBXBuildFile section */
		0E04CCA81F6E7408000BB5CB /* GeometryGenerator.cpp in Sources */ = {isa = PBXBuildFile; fileRef = 0E04CCA71F6E7408000BB5CB /* GeometryGenerator.cpp */; };
		0E04CCAB1F6E891A000BB5CB /* ShaderManager.cpp in Sources */ = {isa = PBXBuildFile; fileRef = 0E04CCA91F6E891A000BB5CB /* ShaderManager.cpp */; };
		0E04CCAE1F6E8DB3000BB5CB /* Renderer.cpp in Sources */ = {isa = PBXBuildFile; fileRef = 0E04CCAC1F6E8DB3000BB5CB /* Renderer.cpp */; };
		0E10DFFC1E4F6E14005921E6 /* Frustum.cpp in Sources */ = {isa = PBXBuildFile; fileRef = 0E10DFFB1E4F6E14005921E6 /* Frustum.cpp */; };
		0E1579511E40D35D002FE464 /* RenderContext.cpp in Sources */ = {isa = PBXBuildFile; fileRef = 0E1579501E40D35D002FE464 /* RenderContext.cpp */; };
		0E167D361E3D153700957667 /* Camera.cpp in Sources */ = {isa = PBXBuildFile; fileRef = 0E167D351E3D153700957667 /* Camera.cpp */; };
		0E16B53F1E64253B00403364 /* SDL2.framework in Frameworks */ = {isa = PBXBuildFile; fileRef = 0E16B53E1E64253B00403364 /* SDL2.framework */; };
		0E16FCD51E51E986000A36D7 /* libassimp.3.3.1.dylib in Frameworks */ = {isa = PBXBuildFile; fileRef = 0E16FCD41E51E986000A36D7 /* libassimp.3.3.1.dylib */; };
		0E16FCD81E51F9CD000A36D7 /* Model.cpp in Sources */ = {isa = PBXBuildFile; fileRef = 0E16FCD71E51F9CD000A36D7 /* Model.cpp */; };
		0E1997B41E5DC1B30082B684 /* Skybox.cpp in Sources */ = {isa = PBXBuildFile; fileRef = 0E1997B31E5DC1B30082B684 /* Skybox.cpp */; };
		0E208FF01E48F74B005990C4 /* TextureManager.cpp in Sources */ = {isa = PBXBuildFile; fileRef = 0E208FEE1E48F74B005990C4 /* TextureManager.cpp */; };
		0E2DDB411E6C2A2B00826DA3 /* ShadowMap.cpp in Sources */ = {isa = PBXBuildFile; fileRef = 0E2DDB401E6C2A2B00826DA3 /* ShadowMap.cpp */; };
		0E3A8C5D1F725C6A003B0642 /* CubeMapRenderer.cpp in Sources */ = {isa = PBXBuildFile; fileRef = 0E3A8C5B1F725C6A003B0642 /* CubeMapRenderer.cpp */; };
		0E4D6CB01E466CC40096A908 /* Mesh.cpp in Sources */ = {isa = PBXBuildFile; fileRef = 0E4D6CAF1E466CC40096A908 /* Mesh.cpp */; };
		0E509D681F72AF35005CDD24 /* PostProcess.cpp in Sources */ = {isa = PBXBuildFile; fileRef = 0E509D661F72AF35005CDD24 /* PostProcess.cpp */; };
		0E5CF3BC1E34AD9700CCC20C /* main.cpp in Sources */ = {isa = PBXBuildFile; fileRef = 0E5CF3BB1E34AD9700CCC20C /* main.cpp */; };
		0E5CF3C41E34ADC500CCC20C /* OpenGL.framework in Frameworks */ = {isa = PBXBuildFile; fileRef = 0E5CF3C31E34ADC500CCC20C /* OpenGL.framework */; };
		0E5CF3C61E34ADEB00CCC20C /* libGLEW.2.0.0.dylib in Frameworks */ = {isa = PBXBuildFile; fileRef = 0E5CF3C51E34ADEB00CCC20C /* libGLEW.2.0.0.dylib */; };
		0E62D6FD1E34CC750071FFD3 /* Application.cpp in Sources */ = {isa = PBXBuildFile; fileRef = 0E62D6FC1E34CC750071FFD3 /* Application.cpp */; };
		0E62D6FF1E34CD580071FFD3 /* InputManager.cpp in Sources */ = {isa = PBXBuildFile; fileRef = 0E62D6FE1E34CD580071FFD3 /* InputManager.cpp */; };
		0EB98F5F21BD38560044AE63 /* astar.cpp in Sources */ = {isa = PBXBuildFile; fileRef = 0EB98F5E21BD38560044AE63 /* astar.cpp */; };
		0EB98F6221BD385F0044AE63 /* BinaryHeap.cpp in Sources */ = {isa = PBXBuildFile; fileRef = 0EB98F6121BD385F0044AE63 /* BinaryHeap.cpp */; };
		0EB98F6521BD38690044AE63 /* Graph.cpp in Sources */ = {isa = PBXBuildFile; fileRef = 0EB98F6421BD38680044AE63 /* Graph.cpp */; };
		0EB98F6821BD386D0044AE63 /* GridNode.cpp in Sources */ = {isa = PBXBuildFile; fileRef = 0EB98F6721BD386C0044AE63 /* GridNode.cpp */; };
		0EC8708D1E3B84950039D70D /* ResourceManager.cpp in Sources */ = {isa = PBXBuildFile; fileRef = 0EC8708C1E3B84950039D70D /* ResourceManager.cpp */; };
		0ED82EF21F6FD97A00C3F932 /* BatchRenderer.cpp in Sources */ = {isa = PBXBuildFile; fileRef = 0ED82EF01F6FD97A00C3F932 /* BatchRenderer.cpp */; };
		0ED82EF51F6FDB0F00C3F932 /* GameObject.cpp in Sources */ = {isa = PBXBuildFile; fileRef = 0ED82EF31F6FDB0F00C3F932 /* GameObject.cpp */; };
		0ED82EF81F6FF85300C3F932 /* Scene.cpp in Sources */ = {isa = PBXBuildFile; fileRef = 0ED82EF61F6FF85300C3F932 /* Scene.cpp */; };
		0ED82EFB1F702FB100C3F932 /* SceneGraph.cpp in Sources */ = {isa = PBXBuildFile; fileRef = 0ED82EF91F702FB100C3F932 /* SceneGraph.cpp */; };
		0EDECE2A1F7E8C2600DAA804 /* RenderTargetState.cpp in Sources */ = {isa = PBXBuildFile; fileRef = 0EDECE281F7E8C2600DAA804 /* RenderTargetState.cpp */; };
		0EDECE2D1F7ECAE800DAA804 /* Framebuffer.cpp in Sources */ = {isa = PBXBuildFile; fileRef = 0EDECE2B1F7ECAE800DAA804 /* Framebuffer.cpp */; };
		0EED2CB01E3E68AC00652AD4 /* Matrix.cpp in Sources */ = {isa = PBXBuildFile; fileRef = 0EED2CAE1E3E68AC00652AD4 /* Matrix.cpp */; };
		0EED2CB31E3E6A3F00652AD4 /* Ray.cpp in Sources */ = {isa = PBXBuildFile; fileRef = 0EED2CB11E3E6A3F00652AD4 /* Ray.cpp */; };
		0EF621A71E3BB2EA00A1BA68 /* ShaderProgram.cpp in Sources */ = {isa = PBXBuildFile; fileRef = 0EF621A51E3BB2EA00A1BA68 /* ShaderProgram.cpp */; };
		0EF621A91E3BC5ED00A1BA68 /* GLContext.cpp in Sources */ = {isa = PBXBuildFile; fileRef = 0EF621A81E3BC5ED00A1BA68 /* GLContext.cpp */; };
		0EF621AC1E3BE52A00A1BA68 /* SDL2_image.framework in Frameworks */ = {isa = PBXBuildFile; fileRef = 0EF621AB1E3BE52A00A1BA68 /* SDL2_image.framework */; };
/* End PBXBuildFile section */

/* Begin PBXCopyFilesBuildPhase section */
		0E5CF3B61E34AD9700CCC20C /* CopyFiles */ = {
			isa = PBXCopyFilesBuildPhase;
			buildActionMask = 2147483647;
			dstPath = /usr/share/man/man1/;
			dstSubfolderSpec = 0;
			files = (
			);
			runOnlyForDeploymentPostprocessing = 1;
		};
/* End PBXCopyFilesBuildPhase section */

/* Begin PBXFileReference section */
		0E04CCA51F6E7147000BB5CB /* GeometryGenerator.h */ = {isa = PBXFileReference; lastKnownFileType = sourcecode.c.h; path = GeometryGenerator.h; sourceTree = "<group>"; };
		0E04CCA61F6E71D5000BB5CB /* Math.h */ = {isa = PBXFileReference; lastKnownFileType = sourcecode.c.h; path = Math.h; sourceTree = "<group>"; };
		0E04CCA71F6E7408000BB5CB /* GeometryGenerator.cpp */ = {isa = PBXFileReference; fileEncoding = 4; lastKnownFileType = sourcecode.cpp.cpp; path = GeometryGenerator.cpp; sourceTree = "<group>"; };
		0E04CCA91F6E891A000BB5CB /* ShaderManager.cpp */ = {isa = PBXFileReference; fileEncoding = 4; lastKnownFileType = sourcecode.cpp.cpp; path = ShaderManager.cpp; sourceTree = "<group>"; };
		0E04CCAA1F6E891A000BB5CB /* ShaderManager.hpp */ = {isa = PBXFileReference; fileEncoding = 4; lastKnownFileType = sourcecode.cpp.h; path = ShaderManager.hpp; sourceTree = "<group>"; };
		0E04CCAC1F6E8DB3000BB5CB /* Renderer.cpp */ = {isa = PBXFileReference; fileEncoding = 4; lastKnownFileType = sourcecode.cpp.cpp; path = Renderer.cpp; sourceTree = "<group>"; };
		0E04CCAD1F6E8DB3000BB5CB /* Renderer.hpp */ = {isa = PBXFileReference; fileEncoding = 4; lastKnownFileType = sourcecode.cpp.h; path = Renderer.hpp; sourceTree = "<group>"; };
		0E10DFFA1E4F6A54005921E6 /* Frustum.h */ = {isa = PBXFileReference; lastKnownFileType = sourcecode.c.h; path = Frustum.h; sourceTree = "<group>"; };
		0E10DFFB1E4F6E14005921E6 /* Frustum.cpp */ = {isa = PBXFileReference; fileEncoding = 4; lastKnownFileType = sourcecode.cpp.cpp; path = Frustum.cpp; sourceTree = "<group>"; };
		0E15794F1E40CE2F002FE464 /* RenderContext.h */ = {isa = PBXFileReference; lastKnownFileType = sourcecode.c.h; path = RenderContext.h; sourceTree = "<group>"; };
		0E1579501E40D35D002FE464 /* RenderContext.cpp */ = {isa = PBXFileReference; fileEncoding = 4; lastKnownFileType = sourcecode.cpp.cpp; path = RenderContext.cpp; sourceTree = "<group>"; };
		0E167D321E3CCCF700957667 /* Texture.h */ = {isa = PBXFileReference; lastKnownFileType = sourcecode.c.h; path = Texture.h; sourceTree = "<group>"; };
		0E167D331E3CDFCF00957667 /* Time.h */ = {isa = PBXFileReference; lastKnownFileType = sourcecode.c.h; path = Time.h; sourceTree = "<group>"; };
		0E167D341E3D13AF00957667 /* Camera.h */ = {isa = PBXFileReference; lastKnownFileType = sourcecode.c.h; path = Camera.h; sourceTree = "<group>"; };
		0E167D351E3D153700957667 /* Camera.cpp */ = {isa = PBXFileReference; fileEncoding = 4; lastKnownFileType = sourcecode.cpp.cpp; path = Camera.cpp; sourceTree = "<group>"; };
		0E16B53C1E64237600403364 /* Frameworks */ = {isa = PBXFileReference; lastKnownFileType = folder; name = Frameworks; path = ../../../../../../usr/local/Frameworks; sourceTree = "<group>"; };
		0E16B53E1E64253B00403364 /* SDL2.framework */ = {isa = PBXFileReference; lastKnownFileType = wrapper.framework; name = SDL2.framework; path = ../../../../../../Library/Frameworks/SDL2.framework; sourceTree = "<group>"; };
		0E16FCD41E51E986000A36D7 /* libassimp.3.3.1.dylib */ = {isa = PBXFileReference; lastKnownFileType = "compiled.mach-o.dylib"; name = libassimp.3.3.1.dylib; path = ../../../../../usr/local/Cellar/assimp/3.3.1/lib/libassimp.3.3.1.dylib; sourceTree = "<group>"; };
		0E16FCD61E51EB32000A36D7 /* Model.h */ = {isa = PBXFileReference; lastKnownFileType = sourcecode.c.h; path = Model.h; sourceTree = "<group>"; };
		0E16FCD71E51F9CD000A36D7 /* Model.cpp */ = {isa = PBXFileReference; fileEncoding = 4; lastKnownFileType = sourcecode.cpp.cpp; path = Model.cpp; sourceTree = "<group>"; };
		0E177D1D1E50C01F0070A182 /* BoundingVolume.h */ = {isa = PBXFileReference; lastKnownFileType = sourcecode.c.h; path = BoundingVolume.h; sourceTree = "<group>"; };
		0E1997B21E5DC0330082B684 /* Skybox.h */ = {isa = PBXFileReference; lastKnownFileType = sourcecode.c.h; path = Skybox.h; sourceTree = "<group>"; };
		0E1997B31E5DC1B30082B684 /* Skybox.cpp */ = {isa = PBXFileReference; fileEncoding = 4; lastKnownFileType = sourcecode.cpp.cpp; path = Skybox.cpp; sourceTree = "<group>"; };
		0E208FED1E48F52D005990C4 /* TextureManager.h */ = {isa = PBXFileReference; lastKnownFileType = sourcecode.c.h; path = TextureManager.h; sourceTree = "<group>"; };
		0E208FEE1E48F74B005990C4 /* TextureManager.cpp */ = {isa = PBXFileReference; fileEncoding = 4; lastKnownFileType = sourcecode.cpp.cpp; path = TextureManager.cpp; sourceTree = "<group>"; };
		0E2DDB3F1E6C293500826DA3 /* ShadowMap.h */ = {isa = PBXFileReference; lastKnownFileType = sourcecode.c.h; path = ShadowMap.h; sourceTree = "<group>"; };
		0E2DDB401E6C2A2B00826DA3 /* ShadowMap.cpp */ = {isa = PBXFileReference; fileEncoding = 4; lastKnownFileType = sourcecode.cpp.cpp; path = ShadowMap.cpp; sourceTree = "<group>"; };
		0E3418B71FF145E000E41F76 /* Util.h */ = {isa = PBXFileReference; lastKnownFileType = sourcecode.c.h; path = Util.h; sourceTree = "<group>"; };
		0E3A8C5B1F725C6A003B0642 /* CubeMapRenderer.cpp */ = {isa = PBXFileReference; fileEncoding = 4; lastKnownFileType = sourcecode.cpp.cpp; path = CubeMapRenderer.cpp; sourceTree = "<group>"; };
		0E3A8C5C1F725C6A003B0642 /* CubeMapRenderer.hpp */ = {isa = PBXFileReference; fileEncoding = 4; lastKnownFileType = sourcecode.cpp.h; path = CubeMapRenderer.hpp; sourceTree = "<group>"; };
		0E4D6CAD1E465BAF0096A908 /* Vertex.h */ = {isa = PBXFileReference; lastKnownFileType = sourcecode.c.h; path = Vertex.h; sourceTree = "<group>"; };
		0E4D6CAE1E4662AA0096A908 /* Mesh.h */ = {isa = PBXFileReference; lastKnownFileType = sourcecode.c.h; path = Mesh.h; sourceTree = "<group>"; };
		0E4D6CAF1E466CC40096A908 /* Mesh.cpp */ = {isa = PBXFileReference; fileEncoding = 4; lastKnownFileType = sourcecode.cpp.cpp; path = Mesh.cpp; sourceTree = "<group>"; };
		0E4D6CB11E467C110096A908 /* cubeData.h */ = {isa = PBXFileReference; lastKnownFileType = sourcecode.c.h; path = cubeData.h; sourceTree = "<group>"; };
		0E509D661F72AF35005CDD24 /* PostProcess.cpp */ = {isa = PBXFileReference; fileEncoding = 4; lastKnownFileType = sourcecode.cpp.cpp; path = PostProcess.cpp; sourceTree = "<group>"; };
		0E509D671F72AF35005CDD24 /* PostProcess.hpp */ = {isa = PBXFileReference; fileEncoding = 4; lastKnownFileType = sourcecode.cpp.h; path = PostProcess.hpp; sourceTree = "<group>"; };
		0E5CF3B81E34AD9700CCC20C /* SDL-GLEW-App */ = {isa = PBXFileReference; explicitFileType = "compiled.mach-o.executable"; includeInIndex = 0; path = "SDL-GLEW-App"; sourceTree = BUILT_PRODUCTS_DIR; };
		0E5CF3BB1E34AD9700CCC20C /* main.cpp */ = {isa = PBXFileReference; lastKnownFileType = sourcecode.cpp.cpp; path = main.cpp; sourceTree = "<group>"; };
		0E5CF3C31E34ADC500CCC20C /* OpenGL.framework */ = {isa = PBXFileReference; lastKnownFileType = wrapper.framework; name = OpenGL.framework; path = System/Library/Frameworks/OpenGL.framework; sourceTree = SDKROOT; };
		0E5CF3C51E34ADEB00CCC20C /* libGLEW.2.0.0.dylib */ = {isa = PBXFileReference; lastKnownFileType = "compiled.mach-o.dylib"; name = libGLEW.2.0.0.dylib; path = ../../../../../usr/local/Cellar/glew/2.0.0/lib/libGLEW.2.0.0.dylib; sourceTree = "<group>"; };
		0E5CF3C71E34ADF900CCC20C /* libSDL2-2.0.0.dylib */ = {isa = PBXFileReference; lastKnownFileType = "compiled.mach-o.dylib"; name = "libSDL2-2.0.0.dylib"; path = "../../../../../usr/local/Cellar/sdl2/2.0.5/lib/libSDL2-2.0.0.dylib"; sourceTree = "<group>"; };
		0E5CF3C91E34AE4400CCC20C /* Application.h */ = {isa = PBXFileReference; lastKnownFileType = sourcecode.c.h; path = Application.h; sourceTree = "<group>"; };
		0E5CF3CA1E34AF0600CCC20C /* GLContext.h */ = {isa = PBXFileReference; lastKnownFileType = sourcecode.c.h; path = GLContext.h; sourceTree = "<group>"; };
		0E5CF3CB1E34B8BF00CCC20C /* InputManager.h */ = {isa = PBXFileReference; lastKnownFileType = sourcecode.c.h; path = InputManager.h; sourceTree = "<group>"; };
		0E62D6FC1E34CC750071FFD3 /* Application.cpp */ = {isa = PBXFileReference; fileEncoding = 4; lastKnownFileType = sourcecode.cpp.cpp; path = Application.cpp; sourceTree = "<group>"; };
		0E62D6FE1E34CD580071FFD3 /* InputManager.cpp */ = {isa = PBXFileReference; fileEncoding = 4; lastKnownFileType = sourcecode.cpp.cpp; name = InputManager.cpp; path = ../InputManager.cpp; sourceTree = "<group>"; };
		0EB98F5E21BD38560044AE63 /* astar.cpp */ = {isa = PBXFileReference; lastKnownFileType = sourcecode.cpp.cpp; path = astar.cpp; sourceTree = "<group>"; };
		0EB98F6021BD385B0044AE63 /* astar.hpp */ = {isa = PBXFileReference; lastKnownFileType = sourcecode.cpp.h; path = astar.hpp; sourceTree = "<group>"; };
		0EB98F6121BD385F0044AE63 /* BinaryHeap.cpp */ = {isa = PBXFileReference; lastKnownFileType = sourcecode.cpp.cpp; path = BinaryHeap.cpp; sourceTree = "<group>"; };
		0EB98F6321BD38610044AE63 /* BinaryHeap.hpp */ = {isa = PBXFileReference; lastKnownFileType = sourcecode.cpp.h; path = BinaryHeap.hpp; sourceTree = "<group>"; };
		0EB98F6421BD38680044AE63 /* Graph.cpp */ = {isa = PBXFileReference; lastKnownFileType = sourcecode.cpp.cpp; path = Graph.cpp; sourceTree = "<group>"; };
		0EB98F6621BD386B0044AE63 /* Graph.hpp */ = {isa = PBXFileReference; lastKnownFileType = sourcecode.cpp.h; path = Graph.hpp; sourceTree = "<group>"; };
		0EB98F6721BD386C0044AE63 /* GridNode.cpp */ = {isa = PBXFileReference; lastKnownFileType = sourcecode.cpp.cpp; path = GridNode.cpp; sourceTree = "<group>"; };
		0EB98F6921BD386E0044AE63 /* GridNode.hpp */ = {isa = PBXFileReference; lastKnownFileType = sourcecode.cpp.h; path = GridNode.hpp; sourceTree = "<group>"; };
		0EC8708B1E3B83EB0039D70D /* ResourceManager.h */ = {isa = PBXFileReference; lastKnownFileType = sourcecode.c.h; path = ResourceManager.h; sourceTree = "<group>"; };
		0EC8708C1E3B84950039D70D /* ResourceManager.cpp */ = {isa = PBXFileReference; fileEncoding = 4; lastKnownFileType = sourcecode.cpp.cpp; path = ResourceManager.cpp; sourceTree = "<group>"; };
		0EC870911E3B8ADF0039D70D /* Shaders */ = {isa = PBXFileReference; lastKnownFileType = folder; path = Shaders; sourceTree = "<group>"; };
		0ED128581F7152FB009173C5 /* Light.h */ = {isa = PBXFileReference; lastKnownFileType = sourcecode.c.h; path = Light.h; sourceTree = "<group>"; };
		0ED82EF01F6FD97A00C3F932 /* BatchRenderer.cpp */ = {isa = PBXFileReference; fileEncoding = 4; lastKnownFileType = sourcecode.cpp.cpp; path = BatchRenderer.cpp; sourceTree = "<group>"; };
		0ED82EF11F6FD97A00C3F932 /* BatchRenderer.hpp */ = {isa = PBXFileReference; fileEncoding = 4; lastKnownFileType = sourcecode.cpp.h; path = BatchRenderer.hpp; sourceTree = "<group>"; };
		0ED82EF31F6FDB0F00C3F932 /* GameObject.cpp */ = {isa = PBXFileReference; fileEncoding = 4; lastKnownFileType = sourcecode.cpp.cpp; path = GameObject.cpp; sourceTree = "<group>"; };
		0ED82EF41F6FDB0F00C3F932 /* GameObject.hpp */ = {isa = PBXFileReference; fileEncoding = 4; lastKnownFileType = sourcecode.cpp.h; path = GameObject.hpp; sourceTree = "<group>"; };
		0ED82EF61F6FF85300C3F932 /* Scene.cpp */ = {isa = PBXFileReference; fileEncoding = 4; lastKnownFileType = sourcecode.cpp.cpp; path = Scene.cpp; sourceTree = "<group>"; };
		0ED82EF71F6FF85300C3F932 /* Scene.hpp */ = {isa = PBXFileReference; fileEncoding = 4; lastKnownFileType = sourcecode.cpp.h; path = Scene.hpp; sourceTree = "<group>"; };
		0ED82EF91F702FB100C3F932 /* SceneGraph.cpp */ = {isa = PBXFileReference; fileEncoding = 4; lastKnownFileType = sourcecode.cpp.cpp; path = SceneGraph.cpp; sourceTree = "<group>"; };
		0ED82EFA1F702FB100C3F932 /* SceneGraph.hpp */ = {isa = PBXFileReference; fileEncoding = 4; lastKnownFileType = sourcecode.cpp.h; path = SceneGraph.hpp; sourceTree = "<group>"; };
		0ED82EFC1F70411300C3F932 /* ConstantBuffers.hpp */ = {isa = PBXFileReference; lastKnownFileType = sourcecode.cpp.h; path = ConstantBuffers.hpp; sourceTree = "<group>"; };
		0EDECE281F7E8C2600DAA804 /* RenderTargetState.cpp */ = {isa = PBXFileReference; fileEncoding = 4; lastKnownFileType = sourcecode.cpp.cpp; path = RenderTargetState.cpp; sourceTree = "<group>"; };
		0EDECE291F7E8C2600DAA804 /* RenderTargetState.hpp */ = {isa = PBXFileReference; fileEncoding = 4; lastKnownFileType = sourcecode.cpp.h; path = RenderTargetState.hpp; sourceTree = "<group>"; };
		0EDECE2B1F7ECAE800DAA804 /* Framebuffer.cpp */ = {isa = PBXFileReference; fileEncoding = 4; lastKnownFileType = sourcecode.cpp.cpp; path = Framebuffer.cpp; sourceTree = "<group>"; };
		0EDECE2C1F7ECAE800DAA804 /* Framebuffer.hpp */ = {isa = PBXFileReference; fileEncoding = 4; lastKnownFileType = sourcecode.cpp.h; path = Framebuffer.hpp; sourceTree = "<group>"; };
		0EED2CAE1E3E68AC00652AD4 /* Matrix.cpp */ = {isa = PBXFileReference; fileEncoding = 4; lastKnownFileType = sourcecode.cpp.cpp; path = Matrix.cpp; sourceTree = "<group>"; };
		0EED2CAF1E3E68AC00652AD4 /* Matrix.hpp */ = {isa = PBXFileReference; fileEncoding = 4; lastKnownFileType = sourcecode.cpp.h; path = Matrix.hpp; sourceTree = "<group>"; };
		0EED2CB11E3E6A3F00652AD4 /* Ray.cpp */ = {isa = PBXFileReference; fileEncoding = 4; lastKnownFileType = sourcecode.cpp.cpp; path = Ray.cpp; sourceTree = "<group>"; };
		0EED2CB21E3E6A3F00652AD4 /* Ray.hpp */ = {isa = PBXFileReference; fileEncoding = 4; lastKnownFileType = sourcecode.cpp.h; path = Ray.hpp; sourceTree = "<group>"; };
		0EED2CB41E3E6CBA00652AD4 /* Vector.h */ = {isa = PBXFileReference; lastKnownFileType = sourcecode.c.h; path = Vector.h; sourceTree = "<group>"; };
		0EF621A51E3BB2EA00A1BA68 /* ShaderProgram.cpp */ = {isa = PBXFileReference; fileEncoding = 4; lastKnownFileType = sourcecode.cpp.cpp; path = ShaderProgram.cpp; sourceTree = "<group>"; };
		0EF621A61E3BB2EA00A1BA68 /* ShaderProgram.hpp */ = {isa = PBXFileReference; fileEncoding = 4; lastKnownFileType = sourcecode.cpp.h; path = ShaderProgram.hpp; sourceTree = "<group>"; };
		0EF621A81E3BC5ED00A1BA68 /* GLContext.cpp */ = {isa = PBXFileReference; fileEncoding = 4; lastKnownFileType = sourcecode.cpp.cpp; path = GLContext.cpp; sourceTree = "<group>"; };
		0EF621AA1E3BD22800A1BA68 /* Textures */ = {isa = PBXFileReference; lastKnownFileType = folder; path = Textures; sourceTree = "<group>"; };
		0EF621AB1E3BE52A00A1BA68 /* SDL2_image.framework */ = {isa = PBXFileReference; lastKnownFileType = wrapper.framework; name = SDL2_image.framework; path = ../../../../../Library/Frameworks/SDL2_image.framework; sourceTree = "<group>"; };
		0EF7E72F1E533E2800839191 /* Models */ = {isa = PBXFileReference; lastKnownFileType = folder; path = Models; sourceTree = "<group>"; };
/* End PBXFileReference section */

/* Begin PBXFrameworksBuildPhase section */
		0E5CF3B51E34AD9700CCC20C /* Frameworks */ = {
			isa = PBXFrameworksBuildPhase;
			buildActionMask = 2147483647;
			files = (
				0E16B53F1E64253B00403364 /* SDL2.framework in Frameworks */,
				0EF621AC1E3BE52A00A1BA68 /* SDL2_image.framework in Frameworks */,
				0E5CF3C41E34ADC500CCC20C /* OpenGL.framework in Frameworks */,
				0E5CF3C61E34ADEB00CCC20C /* libGLEW.2.0.0.dylib in Frameworks */,
				0E16FCD51E51E986000A36D7 /* libassimp.3.3.1.dylib in Frameworks */,
			);
			runOnlyForDeploymentPostprocessing = 0;
		};
/* End PBXFrameworksBuildPhase section */

/* Begin PBXGroup section */
		0E5CF3AF1E34AD9700CCC20C = {
			isa = PBXGroup;
			children = (
				0EF7E72F1E533E2800839191 /* Models */,
				0EF621AA1E3BD22800A1BA68 /* Textures */,
				0EC870911E3B8ADF0039D70D /* Shaders */,
				0E5CF3BA1E34AD9700CCC20C /* SDL-GLEW-App */,
				0E5CF3B91E34AD9700CCC20C /* Products */,
				0E5CF3C21E34ADC500CCC20C /* Frameworks */,
			);
			sourceTree = "<group>";
		};
		0E5CF3B91E34AD9700CCC20C /* Products */ = {
			isa = PBXGroup;
			children = (
				0E5CF3B81E34AD9700CCC20C /* SDL-GLEW-App */,
			);
			name = Products;
			sourceTree = "<group>";
		};
		0E5CF3BA1E34AD9700CCC20C /* SDL-GLEW-App */ = {
			isa = PBXGroup;
			children = (
				0EB98F6A21BD39610044AE63 /* astar */,
				0E5CF3BB1E34AD9700CCC20C /* main.cpp */,
				0E5CF3C91E34AE4400CCC20C /* Application.h */,
				0E5CF3CA1E34AF0600CCC20C /* GLContext.h */,
				0E5CF3CB1E34B8BF00CCC20C /* InputManager.h */,
				0E62D6FE1E34CD580071FFD3 /* InputManager.cpp */,
				0E62D6FC1E34CC750071FFD3 /* Application.cpp */,
				0EC8708B1E3B83EB0039D70D /* ResourceManager.h */,
				0EC8708C1E3B84950039D70D /* ResourceManager.cpp */,
				0EF621A51E3BB2EA00A1BA68 /* ShaderProgram.cpp */,
				0EF621A61E3BB2EA00A1BA68 /* ShaderProgram.hpp */,
				0EF621A81E3BC5ED00A1BA68 /* GLContext.cpp */,
				0E167D321E3CCCF700957667 /* Texture.h */,
				0E167D331E3CDFCF00957667 /* Time.h */,
				0E167D341E3D13AF00957667 /* Camera.h */,
				0E167D351E3D153700957667 /* Camera.cpp */,
				0EED2CAE1E3E68AC00652AD4 /* Matrix.cpp */,
				0EED2CAF1E3E68AC00652AD4 /* Matrix.hpp */,
				0EED2CB11E3E6A3F00652AD4 /* Ray.cpp */,
				0EED2CB21E3E6A3F00652AD4 /* Ray.hpp */,
				0EED2CB41E3E6CBA00652AD4 /* Vector.h */,
				0E15794F1E40CE2F002FE464 /* RenderContext.h */,
				0E1579501E40D35D002FE464 /* RenderContext.cpp */,
				0E4D6CAD1E465BAF0096A908 /* Vertex.h */,
				0E4D6CAE1E4662AA0096A908 /* Mesh.h */,
				0E4D6CAF1E466CC40096A908 /* Mesh.cpp */,
				0E4D6CB11E467C110096A908 /* cubeData.h */,
				0E208FED1E48F52D005990C4 /* TextureManager.h */,
				0E208FEE1E48F74B005990C4 /* TextureManager.cpp */,
				0E10DFFA1E4F6A54005921E6 /* Frustum.h */,
				0E10DFFB1E4F6E14005921E6 /* Frustum.cpp */,
				0E177D1D1E50C01F0070A182 /* BoundingVolume.h */,
				0E16FCD61E51EB32000A36D7 /* Model.h */,
				0E16FCD71E51F9CD000A36D7 /* Model.cpp */,
				0E1997B21E5DC0330082B684 /* Skybox.h */,
				0E1997B31E5DC1B30082B684 /* Skybox.cpp */,
				0E2DDB3F1E6C293500826DA3 /* ShadowMap.h */,
				0E2DDB401E6C2A2B00826DA3 /* ShadowMap.cpp */,
				0E04CCA51F6E7147000BB5CB /* GeometryGenerator.h */,
				0E04CCA61F6E71D5000BB5CB /* Math.h */,
				0E04CCA71F6E7408000BB5CB /* GeometryGenerator.cpp */,
				0E04CCA91F6E891A000BB5CB /* ShaderManager.cpp */,
				0E04CCAA1F6E891A000BB5CB /* ShaderManager.hpp */,
				0E04CCAC1F6E8DB3000BB5CB /* Renderer.cpp */,
				0E04CCAD1F6E8DB3000BB5CB /* Renderer.hpp */,
				0ED82EF01F6FD97A00C3F932 /* BatchRenderer.cpp */,
				0ED82EF11F6FD97A00C3F932 /* BatchRenderer.hpp */,
				0ED82EF31F6FDB0F00C3F932 /* GameObject.cpp */,
				0ED82EF41F6FDB0F00C3F932 /* GameObject.hpp */,
				0ED82EF61F6FF85300C3F932 /* Scene.cpp */,
				0ED82EF71F6FF85300C3F932 /* Scene.hpp */,
				0ED82EF91F702FB100C3F932 /* SceneGraph.cpp */,
				0ED82EFA1F702FB100C3F932 /* SceneGraph.hpp */,
				0ED82EFC1F70411300C3F932 /* ConstantBuffers.hpp */,
				0ED128581F7152FB009173C5 /* Light.h */,
				0E3A8C5B1F725C6A003B0642 /* CubeMapRenderer.cpp */,
				0E3A8C5C1F725C6A003B0642 /* CubeMapRenderer.hpp */,
				0E509D661F72AF35005CDD24 /* PostProcess.cpp */,
				0E509D671F72AF35005CDD24 /* PostProcess.hpp */,
				0EDECE281F7E8C2600DAA804 /* RenderTargetState.cpp */,
				0EDECE291F7E8C2600DAA804 /* RenderTargetState.hpp */,
				0EDECE2B1F7ECAE800DAA804 /* Framebuffer.cpp */,
				0EDECE2C1F7ECAE800DAA804 /* Framebuffer.hpp */,
				0E3418B71FF145E000E41F76 /* Util.h */,
			);
			path = "SDL-GLEW-App";
			sourceTree = "<group>";
		};
		0E5CF3C21E34ADC500CCC20C /* Frameworks */ = {
			isa = PBXGroup;
			children = (
				0E16B53E1E64253B00403364 /* SDL2.framework */,
				0E16B53C1E64237600403364 /* Frameworks */,
				0E16FCD41E51E986000A36D7 /* libassimp.3.3.1.dylib */,
				0EF621AB1E3BE52A00A1BA68 /* SDL2_image.framework */,
				0E5CF3C71E34ADF900CCC20C /* libSDL2-2.0.0.dylib */,
				0E5CF3C51E34ADEB00CCC20C /* libGLEW.2.0.0.dylib */,
				0E5CF3C31E34ADC500CCC20C /* OpenGL.framework */,
			);
			name = Frameworks;
			sourceTree = "<group>";
		};
		0EB98F6A21BD39610044AE63 /* astar */ = {
			isa = PBXGroup;
			children = (
				0EB98F6621BD386B0044AE63 /* Graph.hpp */,
				0EB98F6421BD38680044AE63 /* Graph.cpp */,
				0EB98F5E21BD38560044AE63 /* astar.cpp */,
				0EB98F6921BD386E0044AE63 /* GridNode.hpp */,
				0EB98F6721BD386C0044AE63 /* GridNode.cpp */,
				0EB98F6321BD38610044AE63 /* BinaryHeap.hpp */,
				0EB98F6021BD385B0044AE63 /* astar.hpp */,
				0EB98F6121BD385F0044AE63 /* BinaryHeap.cpp */,
			);
			path = astar;
			sourceTree = "<group>";
		};
/* End PBXGroup section */

/* Begin PBXNativeTarget section */
		0E5CF3B71E34AD9700CCC20C /* SDL-GLEW-App */ = {
			isa = PBXNativeTarget;
			buildConfigurationList = 0E5CF3BF1E34AD9700CCC20C /* Build configuration list for PBXNativeTarget "SDL-GLEW-App" */;
			buildPhases = (
				0E5CF3B41E34AD9700CCC20C /* Sources */,
				0E5CF3B51E34AD9700CCC20C /* Frameworks */,
				0E5CF3B61E34AD9700CCC20C /* CopyFiles */,
			);
			buildRules = (
			);
			dependencies = (
			);
			name = "SDL-GLEW-App";
			productName = "SDL-GLEW-App";
			productReference = 0E5CF3B81E34AD9700CCC20C /* SDL-GLEW-App */;
			productType = "com.apple.product-type.tool";
		};
/* End PBXNativeTarget section */

/* Begin PBXProject section */
		0E5CF3B01E34AD9700CCC20C /* Project object */ = {
			isa = PBXProject;
			attributes = {
				LastUpgradeCheck = 0810;
				ORGANIZATIONNAME = "Olli Kettunen";
				TargetAttributes = {
					0E5CF3B71E34AD9700CCC20C = {
						CreatedOnToolsVersion = 8.1;
						DevelopmentTeam = WLC5JCM298;
						ProvisioningStyle = Automatic;
					};
				};
			};
			buildConfigurationList = 0E5CF3B31E34AD9700CCC20C /* Build configuration list for PBXProject "SDL-GLEW-App" */;
			compatibilityVersion = "Xcode 3.2";
			developmentRegion = English;
			hasScannedForEncodings = 0;
			knownRegions = (
				en,
			);
			mainGroup = 0E5CF3AF1E34AD9700CCC20C;
			productRefGroup = 0E5CF3B91E34AD9700CCC20C /* Products */;
			projectDirPath = "";
			projectRoot = "";
			targets = (
				0E5CF3B71E34AD9700CCC20C /* SDL-GLEW-App */,
			);
		};
/* End PBXProject section */

/* Begin PBXSourcesBuildPhase section */
		0E5CF3B41E34AD9700CCC20C /* Sources */ = {
			isa = PBXSourcesBuildPhase;
			buildActionMask = 2147483647;
			files = (
				0E3A8C5D1F725C6A003B0642 /* CubeMapRenderer.cpp in Sources */,
				0EED2CB31E3E6A3F00652AD4 /* Ray.cpp in Sources */,
				0E10DFFC1E4F6E14005921E6 /* Frustum.cpp in Sources */,
				0E2DDB411E6C2A2B00826DA3 /* ShadowMap.cpp in Sources */,
				0EB98F6521BD38690044AE63 /* Graph.cpp in Sources */,
				0ED82EF21F6FD97A00C3F932 /* BatchRenderer.cpp in Sources */,
				0EED2CB01E3E68AC00652AD4 /* Matrix.cpp in Sources */,
				0E62D6FD1E34CC750071FFD3 /* Application.cpp in Sources */,
				0ED82EF81F6FF85300C3F932 /* Scene.cpp in Sources */,
				0EDECE2A1F7E8C2600DAA804 /* RenderTargetState.cpp in Sources */,
				0E1579511E40D35D002FE464 /* RenderContext.cpp in Sources */,
				0EF621A71E3BB2EA00A1BA68 /* ShaderProgram.cpp in Sources */,
				0E167D361E3D153700957667 /* Camera.cpp in Sources */,
				0EF621A91E3BC5ED00A1BA68 /* GLContext.cpp in Sources */,
				0E1997B41E5DC1B30082B684 /* Skybox.cpp in Sources */,
				0E04CCAB1F6E891A000BB5CB /* ShaderManager.cpp in Sources */,
				0E509D681F72AF35005CDD24 /* PostProcess.cpp in Sources */,
				0E5CF3BC1E34AD9700CCC20C /* main.cpp in Sources */,
				0EB98F6221BD385F0044AE63 /* BinaryHeap.cpp in Sources */,
				0EB98F5F21BD38560044AE63 /* astar.cpp in Sources */,
				0E62D6FF1E34CD580071FFD3 /* InputManager.cpp in Sources */,
				0E04CCAE1F6E8DB3000BB5CB /* Renderer.cpp in Sources */,
				0EDECE2D1F7ECAE800DAA804 /* Framebuffer.cpp in Sources */,
				0EC8708D1E3B84950039D70D /* ResourceManager.cpp in Sources */,
				0E04CCA81F6E7408000BB5CB /* GeometryGenerator.cpp in Sources */,
				0E16FCD81E51F9CD000A36D7 /* Model.cpp in Sources */,
				0E4D6CB01E466CC40096A908 /* Mesh.cpp in Sources */,
				0ED82EFB1F702FB100C3F932 /* SceneGraph.cpp in Sources */,
				0E208FF01E48F74B005990C4 /* TextureManager.cpp in Sources */,
				0ED82EF51F6FDB0F00C3F932 /* GameObject.cpp in Sources */,
				0EB98F6821BD386D0044AE63 /* GridNode.cpp in Sources */,
			);
			runOnlyForDeploymentPostprocessing = 0;
		};
/* End PBXSourcesBuildPhase section */

/* Begin XCBuildConfiguration section */
		0E5CF3BD1E34AD9700CCC20C /* Debug */ = {
			isa = XCBuildConfiguration;
			buildSettings = {
				ALWAYS_SEARCH_USER_PATHS = NO;
				CLANG_ANALYZER_NONNULL = YES;
				CLANG_CXX_LANGUAGE_STANDARD = "gnu++0x";
				CLANG_CXX_LIBRARY = "libc++";
				CLANG_ENABLE_MODULES = YES;
				CLANG_ENABLE_OBJC_ARC = YES;
				CLANG_WARN_BOOL_CONVERSION = YES;
				CLANG_WARN_CONSTANT_CONVERSION = YES;
				CLANG_WARN_DIRECT_OBJC_ISA_USAGE = YES_ERROR;
				CLANG_WARN_DOCUMENTATION_COMMENTS = YES;
				CLANG_WARN_EMPTY_BODY = YES;
				CLANG_WARN_ENUM_CONVERSION = YES;
				CLANG_WARN_INFINITE_RECURSION = YES;
				CLANG_WARN_INT_CONVERSION = YES;
				CLANG_WARN_OBJC_ROOT_CLASS = YES_ERROR;
				CLANG_WARN_SUSPICIOUS_MOVES = YES;
				CLANG_WARN_UNREACHABLE_CODE = YES;
				CLANG_WARN__DUPLICATE_METHOD_MATCH = YES;
				CODE_SIGN_IDENTITY = "-";
				COPY_PHASE_STRIP = NO;
				DEBUG_INFORMATION_FORMAT = dwarf;
				ENABLE_STRICT_OBJC_MSGSEND = YES;
				ENABLE_TESTABILITY = YES;
				GCC_C_LANGUAGE_STANDARD = gnu99;
				GCC_DYNAMIC_NO_PIC = NO;
				GCC_NO_COMMON_BLOCKS = YES;
				GCC_OPTIMIZATION_LEVEL = 0;
				GCC_PREPROCESSOR_DEFINITIONS = (
					"DEBUG=1",
					"$(inherited)",
				);
				GCC_WARN_64_TO_32_BIT_CONVERSION = YES;
				GCC_WARN_ABOUT_RETURN_TYPE = YES_ERROR;
				GCC_WARN_UNDECLARED_SELECTOR = YES;
				GCC_WARN_UNINITIALIZED_AUTOS = YES_AGGRESSIVE;
				GCC_WARN_UNUSED_FUNCTION = YES;
				GCC_WARN_UNUSED_VARIABLE = YES;
				MACOSX_DEPLOYMENT_TARGET = 10.12;
				MTL_ENABLE_DEBUG_INFO = YES;
				ONLY_ACTIVE_ARCH = YES;
				SDKROOT = macosx;
			};
			name = Debug;
		};
		0E5CF3BE1E34AD9700CCC20C /* Release */ = {
			isa = XCBuildConfiguration;
			buildSettings = {
				ALWAYS_SEARCH_USER_PATHS = NO;
				CLANG_ANALYZER_NONNULL = YES;
				CLANG_CXX_LANGUAGE_STANDARD = "gnu++0x";
				CLANG_CXX_LIBRARY = "libc++";
				CLANG_ENABLE_MODULES = YES;
				CLANG_ENABLE_OBJC_ARC = YES;
				CLANG_WARN_BOOL_CONVERSION = YES;
				CLANG_WARN_CONSTANT_CONVERSION = YES;
				CLANG_WARN_DIRECT_OBJC_ISA_USAGE = YES_ERROR;
				CLANG_WARN_DOCUMENTATION_COMMENTS = YES;
				CLANG_WARN_EMPTY_BODY = YES;
				CLANG_WARN_ENUM_CONVERSION = YES;
				CLANG_WARN_INFINITE_RECURSION = YES;
				CLANG_WARN_INT_CONVERSION = YES;
				CLANG_WARN_OBJC_ROOT_CLASS = YES_ERROR;
				CLANG_WARN_SUSPICIOUS_MOVES = YES;
				CLANG_WARN_UNREACHABLE_CODE = YES;
				CLANG_WARN__DUPLICATE_METHOD_MATCH = YES;
				CODE_SIGN_IDENTITY = "-";
				COPY_PHASE_STRIP = NO;
				DEBUG_INFORMATION_FORMAT = "dwarf-with-dsym";
				ENABLE_NS_ASSERTIONS = NO;
				ENABLE_STRICT_OBJC_MSGSEND = YES;
				GCC_C_LANGUAGE_STANDARD = gnu99;
				GCC_NO_COMMON_BLOCKS = YES;
				GCC_WARN_64_TO_32_BIT_CONVERSION = YES;
				GCC_WARN_ABOUT_RETURN_TYPE = YES_ERROR;
				GCC_WARN_UNDECLARED_SELECTOR = YES;
				GCC_WARN_UNINITIALIZED_AUTOS = YES_AGGRESSIVE;
				GCC_WARN_UNUSED_FUNCTION = YES;
				GCC_WARN_UNUSED_VARIABLE = YES;
				MACOSX_DEPLOYMENT_TARGET = 10.12;
				MTL_ENABLE_DEBUG_INFO = NO;
				SDKROOT = macosx;
			};
			name = Release;
		};
		0E5CF3C01E34AD9700CCC20C /* Debug */ = {
			isa = XCBuildConfiguration;
			buildSettings = {
				DEVELOPMENT_TEAM = WLC5JCM298;
				FRAMEWORK_SEARCH_PATHS = (
					"$(inherited)",
					"$(LOCAL_LIBRARY_DIR)/Frameworks",
				);
				"HEADER_SEARCH_PATHS[arch=*]" = /usr/local/include;
				LIBRARY_SEARCH_PATHS = (
					"$(inherited)",
					/usr/local/Cellar/glew/2.0.0/lib,
					/usr/local/Cellar/sdl2/2.0.5/lib,
					/usr/local/Cellar/assimp/3.3.1/lib,
				);
				PRODUCT_NAME = "$(TARGET_NAME)";
				"USER_HEADER_SEARCH_PATHS[arch=*]" = "/Users/kettu/Dev/Libraries/glm-0.9.8.4";
			};
			name = Debug;
		};
		0E5CF3C11E34AD9700CCC20C /* Release */ = {
			isa = XCBuildConfiguration;
			buildSettings = {
				DEVELOPMENT_TEAM = WLC5JCM298;
				FRAMEWORK_SEARCH_PATHS = (
					"$(inherited)",
					"$(LOCAL_LIBRARY_DIR)/Frameworks",
				);
				"HEADER_SEARCH_PATHS[arch=*]" = /usr/local/include;
				LIBRARY_SEARCH_PATHS = (
					"$(inherited)",
					/usr/local/Cellar/glew/2.0.0/lib,
					/usr/local/Cellar/sdl2/2.0.5/lib,
					/usr/local/Cellar/assimp/3.3.1/lib,
				);
				PRODUCT_NAME = "$(TARGET_NAME)";
				"USER_HEADER_SEARCH_PATHS[arch=*]" = "/Users/kettu/Dev/Libraries/glm-0.9.8.4";
			};
			name = Release;
		};
/* End XCBuildConfiguration section */

/* Begin XCConfigurationList section */
		0E5CF3B31E34AD9700CCC20C /* Build configuration list for PBXProject "SDL-GLEW-App" */ = {
			isa = XCConfigurationList;
			buildConfigurations = (
				0E5CF3BD1E34AD9700CCC20C /* Debug */,
				0E5CF3BE1E34AD9700CCC20C /* Release */,
			);
			defaultConfigurationIsVisible = 0;
			defaultConfigurationName = Release;
		};
		0E5CF3BF1E34AD9700CCC20C /* Build configuration list for PBXNativeTarget "SDL-GLEW-App" */ = {
			isa = XCConfigurationList;
			buildConfigurations = (
				0E5CF3C01E34AD9700CCC20C /* Debug */,
				0E5CF3C11E34AD9700CCC20C /* Release */,
			);
			defaultConfigurationIsVisible = 0;
			defaultConfigurationName = Release;
		};
/* End XCConfigurationList section */
	};
	rootObject = 0E5CF3B01E34AD9700CCC20C /* Project object */;
}
